
Microsoft Visual Studio Solution File, Format Version 12.00
# Visual Studio Version 16
VisualStudioVersion = 16.0.32002.261
MinimumVisualStudioVersion = 10.0.40219.1
Project("{9A19103F-16F7-4668-BE54-9A1E7A4F7556}") = "BicycleRentalManagement.Server", "BicycleRentalManagement\Server\BicycleRentalManagement.Server.csproj", "{9617CE89-B9D2-4EA3-A280-993F4C821298}"
EndProject
Project("{9A19103F-16F7-4668-BE54-9A1E7A4F7556}") = "BicycleRentalManagement.Client", "BicycleRentalManagement\Client\BicycleRentalManagement.Client.csproj", "{B50B23E9-770E-43FB-AE3C-B01183C9A7A2}"
EndProject
Project("{9A19103F-16F7-4668-BE54-9A1E7A4F7556}") = "BicycleRentalManagement.Shared", "BicycleRentalManagement\Shared\BicycleRentalManagement.Shared.csproj", "{E12255AA-1794-4D93-88BD-2BD83B034C0C}"
EndProject
Global
	GlobalSection(SolutionConfigurationPlatforms) = preSolution
		Debug|Any CPU = Debug|Any CPU
		Release|Any CPU = Release|Any CPU
	EndGlobalSection
	GlobalSection(ProjectConfigurationPlatforms) = postSolution
		{9617CE89-B9D2-4EA3-A280-993F4C821298}.Debug|Any CPU.ActiveCfg = Debug|Any CPU
		{9617CE89-B9D2-4EA3-A280-993F4C821298}.Debug|Any CPU.Build.0 = Debug|Any CPU
		{9617CE89-B9D2-4EA3-A280-993F4C821298}.Release|Any CPU.ActiveCfg = Release|Any CPU
		{9617CE89-B9D2-4EA3-A280-993F4C821298}.Release|Any CPU.Build.0 = Release|Any CPU
		{B50B23E9-770E-43FB-AE3C-B01183C9A7A2}.Debug|Any CPU.ActiveCfg = Debug|Any CPU
		{B50B23E9-770E-43FB-AE3C-B01183C9A7A2}.Debug|Any CPU.Build.0 = Debug|Any CPU
		{B50B23E9-770E-43FB-AE3C-B01183C9A7A2}.Release|Any CPU.ActiveCfg = Release|Any CPU
		{B50B23E9-770E-43FB-AE3C-B01183C9A7A2}.Release|Any CPU.Build.0 = Release|Any CPU
		{E12255AA-1794-4D93-88BD-2BD83B034C0C}.Debug|Any CPU.ActiveCfg = Debug|Any CPU
		{E12255AA-1794-4D93-88BD-2BD83B034C0C}.Debug|Any CPU.Build.0 = Debug|Any CPU
		{E12255AA-1794-4D93-88BD-2BD83B034C0C}.Release|Any CPU.ActiveCfg = Release|Any CPU
		{E12255AA-1794-4D93-88BD-2BD83B034C0C}.Release|Any CPU.Build.0 = Release|Any CPU
	EndGlobalSection
	GlobalSection(SolutionProperties) = preSolution
		HideSolutionNode = FALSE
	EndGlobalSection
	GlobalSection(ExtensibilityGlobals) = postSolution
		SolutionGuid = {D633C0A1-3677-4C13-8D5C-D450CE54DF97}
	EndGlobalSection
EndGlobal
